github.com/cwbudde/wav v0.0.0-20260207095734-97d781a5fb8a h1:e6kN+v8Z9TgJz6GClDFcOd7nfI4ZgF8+IvoAb3/XIBs=
github.com/cwbudde/wav v0.0.0-20260207095734-97d781a5fb8a/go.mod h1:sc3u5nhwaPxuQ8NUWj1bAcZ7jhlTGk4fk5vARqgHrMs=
github.com/go-audio/audio v1.0.0 h1:zS9vebldgbQqktK4H0lUqWrG8P0NxCJVqcj7ZpNnwd4=
github.com/go-audio/audio v1.0.0/go.mod h1:6uAu0+H2lHkwdGsAY+j2wHPNPpPoeg5AaEFh9FlA+Zs=
github.com/go-audio/riff v1.0.0 h1:d8iCGbDvox9BfLagY94fBynxSPHO80LmZCaOsmKxokA=
github.com/go-audio/riff v1.0.0/go.mod h1:l3cQwc85y79NQFCRB7TiPoNiaijp6q8Z0Uv38rVG498=
